{
  "requires": true,
  "lockfileVersion": 1,
  "dependencies": {
    "angular": {
      "version": "https://registry.npmjs.org/angular/-/angular-1.6.6.tgz",
      "integrity": "sha1-/Vo8+0N844LYVO4BEgeXl4Uny2Q="
    },
    "angular-bootstrap-datetimepicker": {
      "version": "https://registry.npmjs.org/angular-bootstrap-datetimepicker/-/angular-bootstrap-datetimepicker-1.1.4.tgz",
      "integrity": "sha1-j2kFWuWyxRoGMbaFvwnBSeTymt4=",
      "requires": {
        "angular": "https://registry.npmjs.org/angular/-/angular-1.6.6.tgz",
        "moment": "https://registry.npmjs.org/moment/-/moment-2.18.1.tgz"
      },
      "dependencies": {
        "angular": {
          "version": "https://registry.npmjs.org/angular/-/angular-1.6.6.tgz",
          "integrity": "sha1-/Vo8+0N844LYVO4BEgeXl4Uny2Q="
        }
      }
    },
    "angular-bootstrap-multiselect": {
      "version": "1.1.11",
      "resolved": "https://registry.npmjs.org/angular-bootstrap-multiselect/-/angular-bootstrap-multiselect-1.1.11.tgz",
      "integrity": "sha512-R2e9I+PLNHTxVs2+6e5KUzFJTlRwqX7OJI8YG7RgHLjWh/Kk/atsRT/07sf4yCu4DyzOQ2PhLrI3AZ1PZ9Dg3g=="
    },
    "angular-material": {
      "version": "https://registry.npmjs.org/angular-material/-/angular-material-1.1.5.tgz",
      "integrity": "sha1-pUUM2CBeFadpHtw4lHYJTPhtWSs="
    },
    "angular-recaptcha": {
      "version": "https://registry.npmjs.org/angular-recaptcha/-/angular-recaptcha-4.1.0.tgz",
      "integrity": "sha1-yl3jCo8CDnPVF7kJcFmtiFGimEc="
    },
    "angular-sweetalert": {
      "version": "https://registry.npmjs.org/angular-sweetalert/-/angular-sweetalert-1.1.0.tgz",
      "integrity": "sha1-FHoNURz6SxDoc9zfXQ+A3+Z4ZLI=",
      "requires": {
        "angular": "https://registry.npmjs.org/angular/-/angular-1.6.6.tgz",
        "sweetalert": "https://registry.npmjs.org/sweetalert/-/sweetalert-0.4.2.tgz"
      }
    },
    "angular-ui-date": {
      "version": "https://registry.npmjs.org/angular-ui-date/-/angular-ui-date-1.1.1.tgz",
      "integrity": "sha1-MeCMRn3InHu6mUFsNmZA0izI7/0="
    },
    "angular-utils-pagination": {
      "version": "https://registry.npmjs.org/angular-utils-pagination/-/angular-utils-pagination-0.11.1.tgz",
      "integrity": "sha1-7618iHm+swrT13cH+T49DvUfLGY="
    },
    "bootstrap": {
      "version": "https://registry.npmjs.org/bootstrap/-/bootstrap-3.3.7.tgz",
      "integrity": "sha1-WjiTlFSfIzMIdaOxUGVldPip63E="
    },
    "jquery": {
      "version": "https://registry.npmjs.org/jquery/-/jquery-3.2.1.tgz",
      "integrity": "sha1-XE2d5lKvbNCncBVKYxu6ErAVx4c="
    },
    "jquery-ui": {
      "version": "https://registry.npmjs.org/jquery-ui/-/jquery-ui-1.12.1.tgz",
      "integrity": "sha1-vLQEXI3QU5wTS8FIjN0+dop6nlE="
    },
    "moment": {
      "version": "https://registry.npmjs.org/moment/-/moment-2.18.1.tgz",
      "integrity": "sha1-w2GT3Tzhwu7SrbfIAtu8d6gbHA8="
    },
    "ng-flat-datepicker": {
      "version": "0.1.4",
      "resolved": "https://registry.npmjs.org/ng-flat-datepicker/-/ng-flat-datepicker-0.1.4.tgz",
      "integrity": "sha1-H50oEh6Pjh+7ZrUfJbVfU2FpnrE="
    },
    "smartwizard": {
      "version": "https://registry.npmjs.org/smartwizard/-/smartwizard-4.2.2.tgz",
      "integrity": "sha1-E983UtncbZ3C+uoeIGYmBdf9/QI=",
      "requires": {
        "bootstrap": "https://registry.npmjs.org/bootstrap/-/bootstrap-3.3.7.tgz",
        "jquery": "https://registry.npmjs.org/jquery/-/jquery-3.2.1.tgz"
      }
    },
    "sweetalert": {
      "version": "https://registry.npmjs.org/sweetalert/-/sweetalert-0.4.2.tgz",
      "integrity": "sha1-/AnviJSNDyXk8SMqIhSfCecDdT4="
    },
    "underscore": {
      "version": "https://registry.npmjs.org/underscore/-/underscore-1.8.3.tgz",
      "integrity": "sha1-Tz+1OxBuYJf8+ctBCfKl6b36UCI="
    }
  }
}
